
Microsoft Visual Studio Solution File, Format Version 12.00
# Visual Studio Version 17
VisualStudioVersion = 17.9.34701.34
MinimumVisualStudioVersion = 10.0.40219.1
Project("{9A19103F-16F7-4668-BE54-9A1E7A4F7556}") = "Developers", "Developers\Developers.csproj", "{29EE1471-6435-4DED-84FC-5ACAE11EF57C}"
EndProject
Project("{9A19103F-16F7-4668-BE54-9A1E7A4F7556}") = "Developers.Models", "Developers.Models\Developers.Models.csproj", "{4D970E0F-6624-4AFE-B6C3-82BEE31D9A02}"
EndProject
Project("{9A19103F-16F7-4668-BE54-9A1E7A4F7556}") = "Developers.Persistence", "Developers.Persistence\Developers.Persistence.csproj", "{A6A0A4F8-6A4B-4E9A-9FDA-F36852BA8FFF}"
EndProject
Project("{9A19103F-16F7-4668-BE54-9A1E7A4F7556}") = "Developers.Repositories", "Developers.Repositories\Developers.Repositories.csproj", "{A5D8B188-AE23-44E2-B570-3033B63EF3BB}"
EndProject
Project("{9A19103F-16F7-4668-BE54-9A1E7A4F7556}") = "Developers.Utilities", "Developers.Utilities\Developers.Utilities.csproj", "{B60E2E69-E58A-4AAF-83C2-4C253EECA49B}"
EndProject
Project("{FAE04EC0-301F-11D3-BF4B-00C04F79EFBC}") = "PruebasUnitarias", "PruebasUnitarias\PruebasUnitarias.csproj", "{216B257A-D05C-4083-8386-E5F64DF6CC7A}"
EndProject
Global
	GlobalSection(SolutionConfigurationPlatforms) = preSolution
		Debug|Any CPU = Debug|Any CPU
		Release|Any CPU = Release|Any CPU
	EndGlobalSection
	GlobalSection(ProjectConfigurationPlatforms) = postSolution
		{29EE1471-6435-4DED-84FC-5ACAE11EF57C}.Debug|Any CPU.ActiveCfg = Debug|Any CPU
		{29EE1471-6435-4DED-84FC-5ACAE11EF57C}.Debug|Any CPU.Build.0 = Debug|Any CPU
		{29EE1471-6435-4DED-84FC-5ACAE11EF57C}.Release|Any CPU.ActiveCfg = Release|Any CPU
		{29EE1471-6435-4DED-84FC-5ACAE11EF57C}.Release|Any CPU.Build.0 = Release|Any CPU
		{4D970E0F-6624-4AFE-B6C3-82BEE31D9A02}.Debug|Any CPU.ActiveCfg = Debug|Any CPU
		{4D970E0F-6624-4AFE-B6C3-82BEE31D9A02}.Debug|Any CPU.Build.0 = Debug|Any CPU
		{4D970E0F-6624-4AFE-B6C3-82BEE31D9A02}.Release|Any CPU.ActiveCfg = Release|Any CPU
		{4D970E0F-6624-4AFE-B6C3-82BEE31D9A02}.Release|Any CPU.Build.0 = Release|Any CPU
		{A6A0A4F8-6A4B-4E9A-9FDA-F36852BA8FFF}.Debug|Any CPU.ActiveCfg = Debug|Any CPU
		{A6A0A4F8-6A4B-4E9A-9FDA-F36852BA8FFF}.Debug|Any CPU.Build.0 = Debug|Any CPU
		{A6A0A4F8-6A4B-4E9A-9FDA-F36852BA8FFF}.Release|Any CPU.ActiveCfg = Release|Any CPU
		{A6A0A4F8-6A4B-4E9A-9FDA-F36852BA8FFF}.Release|Any CPU.Build.0 = Release|Any CPU
		{A5D8B188-AE23-44E2-B570-3033B63EF3BB}.Debug|Any CPU.ActiveCfg = Debug|Any CPU
		{A5D8B188-AE23-44E2-B570-3033B63EF3BB}.Debug|Any CPU.Build.0 = Debug|Any CPU
		{A5D8B188-AE23-44E2-B570-3033B63EF3BB}.Release|Any CPU.ActiveCfg = Release|Any CPU
		{A5D8B188-AE23-44E2-B570-3033B63EF3BB}.Release|Any CPU.Build.0 = Release|Any CPU
		{B60E2E69-E58A-4AAF-83C2-4C253EECA49B}.Debug|Any CPU.ActiveCfg = Debug|Any CPU
		{B60E2E69-E58A-4AAF-83C2-4C253EECA49B}.Debug|Any CPU.Build.0 = Debug|Any CPU
		{B60E2E69-E58A-4AAF-83C2-4C253EECA49B}.Release|Any CPU.ActiveCfg = Release|Any CPU
		{B60E2E69-E58A-4AAF-83C2-4C253EECA49B}.Release|Any CPU.Build.0 = Release|Any CPU
		{216B257A-D05C-4083-8386-E5F64DF6CC7A}.Debug|Any CPU.ActiveCfg = Debug|Any CPU
		{216B257A-D05C-4083-8386-E5F64DF6CC7A}.Debug|Any CPU.Build.0 = Debug|Any CPU
		{216B257A-D05C-4083-8386-E5F64DF6CC7A}.Release|Any CPU.ActiveCfg = Release|Any CPU
		{216B257A-D05C-4083-8386-E5F64DF6CC7A}.Release|Any CPU.Build.0 = Release|Any CPU
	EndGlobalSection
	GlobalSection(SolutionProperties) = preSolution
		HideSolutionNode = FALSE
	EndGlobalSection
	GlobalSection(ExtensibilityGlobals) = postSolution
		SolutionGuid = {ABFEEF5D-5960-4015-8BA9-D4EBA2DB6184}
	EndGlobalSection
EndGlobal
